// !$*UTF8*$!
{
	archiveVersion = 1;
	classes = {
	};
	objectVersion = 56;
	objects = {

/* Begin PBXBuildFile section */
		105F91AD29B9408900AEE777 /* CollectionView.swift in Sources */ = {isa = PBXBuildFile; fileRef = 105F91AC29B9408900AEE777 /* CollectionView.swift */; };
		105F91AF29B95F3500AEE777 /* DetilView.swift in Sources */ = {isa = PBXBuildFile; fileRef = 105F91AE29B95F3500AEE777 /* DetilView.swift */; };
		105F91B629B9AB5C00AEE777 /* SSZipArchive in Resources */ = {isa = PBXBuildFile; fileRef = 105F91B529B9AB5C00AEE777 /* SSZipArchive */; };
		105F91B829B9AB6300AEE777 /* minizip in Resources */ = {isa = PBXBuildFile; fileRef = 105F91B729B9AB6300AEE777 /* minizip */; };
		105F91BB29B9AFD700AEE777 /* ZipArchive in Frameworks */ = {isa = PBXBuildFile; productRef = 105F91BA29B9AFD700AEE777 /* ZipArchive */; };
		105F91BD29B9AFFD00AEE777 /* libz.1.2.8.tbd in Frameworks */ = {isa = PBXBuildFile; fileRef = 105F91BC29B9AFFD00AEE777 /* libz.1.2.8.tbd */; };
		105F91BF29B9B00B00AEE777 /* libiconv.2.4.0.tbd in Frameworks */ = {isa = PBXBuildFile; fileRef = 105F91BE29B9B00B00AEE777 /* libiconv.2.4.0.tbd */; };
		105F91C129B9B02000AEE777 /* Security.framework in Frameworks */ = {isa = PBXBuildFile; fileRef = 105F91C029B9B02000AEE777 /* Security.framework */; };
		105F91C329BAA24300AEE777 /* ImageView.swift in Sources */ = {isa = PBXBuildFile; fileRef = 105F91C229BAA24300AEE777 /* ImageView.swift */; };
		105F91C729BBDB0A00AEE777 /* SettingView.swift in Sources */ = {isa = PBXBuildFile; fileRef = 105F91C629BBDB0A00AEE777 /* SettingView.swift */; };
		105F91C929BBE10D00AEE777 /* PageView.swift in Sources */ = {isa = PBXBuildFile; fileRef = 105F91C829BBE10D00AEE777 /* PageView.swift */; };
		1090B2F129B6FB9A006DCF4F /* FileView.swift in Sources */ = {isa = PBXBuildFile; fileRef = 1090B2F029B6FB9A006DCF4F /* FileView.swift */; };
		1090B2F329B6FF91006DCF4F /* File.swift in Sources */ = {isa = PBXBuildFile; fileRef = 1090B2F229B6FF91006DCF4F /* File.swift */; };
		109A31CC29B3FE1600516167 /* AppDelegate.swift in Sources */ = {isa = PBXBuildFile; fileRef = 109A31CB29B3FE1600516167 /* AppDelegate.swift */; };
		109A31CE29B3FE1600516167 /* SceneDelegate.swift in Sources */ = {isa = PBXBuildFile; fileRef = 109A31CD29B3FE1600516167 /* SceneDelegate.swift */; };
		109A31D029B3FE1600516167 /* ViewController.swift in Sources */ = {isa = PBXBuildFile; fileRef = 109A31CF29B3FE1600516167 /* ViewController.swift */; };
		109A31D329B3FE1600516167 /* Main.storyboard in Resources */ = {isa = PBXBuildFile; fileRef = 109A31D129B3FE1600516167 /* Main.storyboard */; };
		109A31D529B3FE1700516167 /* Assets.xcassets in Resources */ = {isa = PBXBuildFile; fileRef = 109A31D429B3FE1700516167 /* Assets.xcassets */; };
		109A31D829B3FE1700516167 /* LaunchScreen.storyboard in Resources */ = {isa = PBXBuildFile; fileRef = 109A31D629B3FE1700516167 /* LaunchScreen.storyboard */; };
		109A31E329B3FE1700516167 /* MyComicReaderTests.swift in Sources */ = {isa = PBXBuildFile; fileRef = 109A31E229B3FE1700516167 /* MyComicReaderTests.swift */; };
		109A31ED29B3FE1700516167 /* MyComicReaderUITests.swift in Sources */ = {isa = PBXBuildFile; fileRef = 109A31EC29B3FE1700516167 /* MyComicReaderUITests.swift */; };
		109A31EF29B3FE1700516167 /* MyComicReaderUITestsLaunchTests.swift in Sources */ = {isa = PBXBuildFile; fileRef = 109A31EE29B3FE1700516167 /* MyComicReaderUITestsLaunchTests.swift */; };
/* End PBXBuildFile section */

/* Begin PBXContainerItemProxy section */
		109A31DF29B3FE1700516167 /* PBXContainerItemProxy */ = {
			isa = PBXContainerItemProxy;
			containerPortal = 109A31C029B3FE1600516167 /* Project object */;
			proxyType = 1;
			remoteGlobalIDString = 109A31C729B3FE1600516167;
			remoteInfo = MyComicReader;
		};
		109A31E929B3FE1700516167 /* PBXContainerItemProxy */ = {
			isa = PBXContainerItemProxy;
			containerPortal = 109A31C029B3FE1600516167 /* Project object */;
			proxyType = 1;
			remoteGlobalIDString = 109A31C729B3FE1600516167;
			remoteInfo = MyComicReader;
		};
/* End PBXContainerItemProxy section */

/* Begin PBXFileReference section */
		105F91AC29B9408900AEE777 /* CollectionView.swift */ = {isa = PBXFileReference; lastKnownFileType = sourcecode.swift; path = CollectionView.swift; sourceTree = "<group>"; };
		105F91AE29B95F3500AEE777 /* DetilView.swift */ = {isa = PBXFileReference; lastKnownFileType = sourcecode.swift; path = DetilView.swift; sourceTree = "<group>"; };
		105F91B329B9A56600AEE777 /* ZipArchive-master */ = {isa = PBXFileReference; lastKnownFileType = wrapper; name = "ZipArchive-master"; path = "../../Downloads/ZipArchive-master"; sourceTree = "<group>"; };
		105F91B529B9AB5C00AEE777 /* SSZipArchive */ = {isa = PBXFileReference; lastKnownFileType = folder; path = SSZipArchive; sourceTree = "<group>"; };
		105F91B729B9AB6300AEE777 /* minizip */ = {isa = PBXFileReference; lastKnownFileType = folder; path = minizip; sourceTree = "<group>"; };
		105F91BC29B9AFFD00AEE777 /* libz.1.2.8.tbd */ = {isa = PBXFileReference; lastKnownFileType = "sourcecode.text-based-dylib-definition"; name = libz.1.2.8.tbd; path = usr/lib/libz.1.2.8.tbd; sourceTree = SDKROOT; };
		105F91BE29B9B00B00AEE777 /* libiconv.2.4.0.tbd */ = {isa = PBXFileReference; lastKnownFileType = "sourcecode.text-based-dylib-definition"; name = libiconv.2.4.0.tbd; path = usr/lib/libiconv.2.4.0.tbd; sourceTree = SDKROOT; };
		105F91C029B9B02000AEE777 /* Security.framework */ = {isa = PBXFileReference; lastKnownFileType = wrapper.framework; name = Security.framework; path = System/Library/Frameworks/Security.framework; sourceTree = SDKROOT; };
		105F91C229BAA24300AEE777 /* ImageView.swift */ = {isa = PBXFileReference; lastKnownFileType = sourcecode.swift; path = ImageView.swift; sourceTree = "<group>"; };
		105F91C629BBDB0A00AEE777 /* SettingView.swift */ = {isa = PBXFileReference; lastKnownFileType = sourcecode.swift; path = SettingView.swift; sourceTree = "<group>"; };
		105F91C829BBE10D00AEE777 /* PageView.swift */ = {isa = PBXFileReference; lastKnownFileType = sourcecode.swift; path = PageView.swift; sourceTree = "<group>"; };
		1090B2F029B6FB9A006DCF4F /* FileView.swift */ = {isa = PBXFileReference; lastKnownFileType = sourcecode.swift; path = FileView.swift; sourceTree = "<group>"; };
		1090B2F229B6FF91006DCF4F /* File.swift */ = {isa = PBXFileReference; lastKnownFileType = sourcecode.swift; path = File.swift; sourceTree = "<group>"; };
		109A31C829B3FE1600516167 /* MyComicReader.app */ = {isa = PBXFileReference; explicitFileType = wrapper.application; includeInIndex = 0; path = MyComicReader.app; sourceTree = BUILT_PRODUCTS_DIR; };
		109A31CB29B3FE1600516167 /* AppDelegate.swift */ = {isa = PBXFileReference; lastKnownFileType = sourcecode.swift; path = AppDelegate.swift; sourceTree = "<group>"; };
		109A31CD29B3FE1600516167 /* SceneDelegate.swift */ = {isa = PBXFileReference; lastKnownFileType = sourcecode.swift; path = SceneDelegate.swift; sourceTree = "<group>"; };
		109A31CF29B3FE1600516167 /* ViewController.swift */ = {isa = PBXFileReference; lastKnownFileType = sourcecode.swift; path = ViewController.swift; sourceTree = "<group>"; };
		109A31D229B3FE1600516167 /* Base */ = {isa = PBXFileReference; lastKnownFileType = file.storyboard; name = Base; path = Base.lproj/Main.storyboard; sourceTree = "<group>"; };
		109A31D429B3FE1700516167 /* Assets.xcassets */ = {isa = PBXFileReference; lastKnownFileType = folder.assetcatalog; path = Assets.xcassets; sourceTree = "<group>"; };
		109A31D729B3FE1700516167 /* Base */ = {isa = PBXFileReference; lastKnownFileType = file.storyboard; name = Base; path = Base.lproj/LaunchScreen.storyboard; sourceTree = "<group>"; };
		109A31D929B3FE1700516167 /* Info.plist */ = {isa = PBXFileReference; lastKnownFileType = text.plist.xml; path = Info.plist; sourceTree = "<group>"; };
		109A31DE29B3FE1700516167 /* MyComicReaderTests.xctest */ = {isa = PBXFileReference; explicitFileType = wrapper.cfbundle; includeInIndex = 0; path = MyComicReaderTests.xctest; sourceTree = BUILT_PRODUCTS_DIR; };
		109A31E229B3FE1700516167 /* MyComicReaderTests.swift */ = {isa = PBXFileReference; lastKnownFileType = sourcecode.swift; path = MyComicReaderTests.swift; sourceTree = "<group>"; };
		109A31E829B3FE1700516167 /* MyComicReaderUITests.xctest */ = {isa = PBXFileReference; explicitFileType = wrapper.cfbundle; includeInIndex = 0; path = MyComicReaderUITests.xctest; sourceTree = BUILT_PRODUCTS_DIR; };
		109A31EC29B3FE1700516167 /* MyComicReaderUITests.swift */ = {isa = PBXFileReference; lastKnownFileType = sourcecode.swift; path = MyComicReaderUITests.swift; sourceTree = "<group>"; };
		109A31EE29B3FE1700516167 /* MyComicReaderUITestsLaunchTests.swift */ = {isa = PBXFileReference; lastKnownFileType = sourcecode.swift; path = MyComicReaderUITestsLaunchTests.swift; sourceTree = "<group>"; };
/* End PBXFileReference section */

/* Begin PBXFrameworksBuildPhase section */
		109A31C529B3FE1600516167 /* Frameworks */ = {
			isa = PBXFrameworksBuildPhase;
			buildActionMask = 2147483647;
			files = (
				105F91C129B9B02000AEE777 /* Security.framework in Frameworks */,
				105F91BF29B9B00B00AEE777 /* libiconv.2.4.0.tbd in Frameworks */,
				105F91BD29B9AFFD00AEE777 /* libz.1.2.8.tbd in Frameworks */,
				105F91BB29B9AFD700AEE777 /* ZipArchive in Frameworks */,
			);
			runOnlyForDeploymentPostprocessing = 0;
		};
		109A31DB29B3FE1700516167 /* Frameworks */ = {
			isa = PBXFrameworksBuildPhase;
			buildActionMask = 2147483647;
			files = (
			);
			runOnlyForDeploymentPostprocessing = 0;
		};
		109A31E529B3FE1700516167 /* Frameworks */ = {
			isa = PBXFrameworksBuildPhase;
			buildActionMask = 2147483647;
			files = (
			);
			runOnlyForDeploymentPostprocessing = 0;
		};
/* End PBXFrameworksBuildPhase section */

/* Begin PBXGroup section */
		105F91B229B9A56600AEE777 /* Packages */ = {
			isa = PBXGroup;
			children = (
				105F91B329B9A56600AEE777 /* ZipArchive-master */,
			);
			name = Packages;
			sourceTree = "<group>";
		};
		105F91B929B9AFD700AEE777 /* Frameworks */ = {
			isa = PBXGroup;
			children = (
				105F91C029B9B02000AEE777 /* Security.framework */,
				105F91BE29B9B00B00AEE777 /* libiconv.2.4.0.tbd */,
				105F91BC29B9AFFD00AEE777 /* libz.1.2.8.tbd */,
			);
			name = Frameworks;
			sourceTree = "<group>";
		};
		109A31BF29B3FE1600516167 = {
			isa = PBXGroup;
			children = (
				105F91B229B9A56600AEE777 /* Packages */,
				109A31CA29B3FE1600516167 /* MyComicReader */,
				109A31E129B3FE1700516167 /* MyComicReaderTests */,
				109A31EB29B3FE1700516167 /* MyComicReaderUITests */,
				109A31C929B3FE1600516167 /* Products */,
				105F91B929B9AFD700AEE777 /* Frameworks */,
			);
			sourceTree = "<group>";
		};
		109A31C929B3FE1600516167 /* Products */ = {
			isa = PBXGroup;
			children = (
				109A31C829B3FE1600516167 /* MyComicReader.app */,
				109A31DE29B3FE1700516167 /* MyComicReaderTests.xctest */,
				109A31E829B3FE1700516167 /* MyComicReaderUITests.xctest */,
			);
			name = Products;
			sourceTree = "<group>";
		};
		109A31CA29B3FE1600516167 /* MyComicReader */ = {
			isa = PBXGroup;
			children = (
				105F91B729B9AB6300AEE777 /* minizip */,
				105F91B529B9AB5C00AEE777 /* SSZipArchive */,
				109A31CB29B3FE1600516167 /* AppDelegate.swift */,
				109A31CD29B3FE1600516167 /* SceneDelegate.swift */,
				109A31CF29B3FE1600516167 /* ViewController.swift */,
				109A31D129B3FE1600516167 /* Main.storyboard */,
				105F91AE29B95F3500AEE777 /* DetilView.swift */,
				109A31D429B3FE1700516167 /* Assets.xcassets */,
				109A31D629B3FE1700516167 /* LaunchScreen.storyboard */,
				109A31D929B3FE1700516167 /* Info.plist */,
				1090B2F029B6FB9A006DCF4F /* FileView.swift */,
				1090B2F229B6FF91006DCF4F /* File.swift */,
				105F91AC29B9408900AEE777 /* CollectionView.swift */,
				105F91C229BAA24300AEE777 /* ImageView.swift */,
				105F91C629BBDB0A00AEE777 /* SettingView.swift */,
				105F91C829BBE10D00AEE777 /* PageView.swift */,
			);
			path = MyComicReader;
			sourceTree = "<group>";
		};
		109A31E129B3FE1700516167 /* MyComicReaderTests */ = {
			isa = PBXGroup;
			children = (
				109A31E229B3FE1700516167 /* MyComicReaderTests.swift */,
			);
			path = MyComicReaderTests;
			sourceTree = "<group>";
		};
		109A31EB29B3FE1700516167 /* MyComicReaderUITests */ = {
			isa = PBXGroup;
			children = (
				109A31EC29B3FE1700516167 /* MyComicReaderUITests.swift */,
				109A31EE29B3FE1700516167 /* MyComicReaderUITestsLaunchTests.swift */,
			);
			path = MyComicReaderUITests;
			sourceTree = "<group>";
		};
/* End PBXGroup section */

/* Begin PBXNativeTarget section */
		109A31C729B3FE1600516167 /* MyComicReader */ = {
			isa = PBXNativeTarget;
			buildConfigurationList = 109A31F229B3FE1700516167 /* Build configuration list for PBXNativeTarget "MyComicReader" */;
			buildPhases = (
				109A31C429B3FE1600516167 /* Sources */,
				109A31C529B3FE1600516167 /* Frameworks */,
				109A31C629B3FE1600516167 /* Resources */,
			);
			buildRules = (
			);
			dependencies = (
			);
			name = MyComicReader;
			packageProductDependencies = (
				105F91BA29B9AFD700AEE777 /* ZipArchive */,
			);
			productName = MyComicReader;
			productReference = 109A31C829B3FE1600516167 /* MyComicReader.app */;
			productType = "com.apple.product-type.application";
		};
		109A31DD29B3FE1700516167 /* MyComicReaderTests */ = {
			isa = PBXNativeTarget;
			buildConfigurationList = 109A31F529B3FE1700516167 /* Build configuration list for PBXNativeTarget "MyComicReaderTests" */;
			buildPhases = (
				109A31DA29B3FE1700516167 /* Sources */,
				109A31DB29B3FE1700516167 /* Frameworks */,
				109A31DC29B3FE1700516167 /* Resources */,
			);
			buildRules = (
			);
			dependencies = (
				109A31E029B3FE1700516167 /* PBXTargetDependency */,
			);
			name = MyComicReaderTests;
			productName = MyComicReaderTests;
			productReference = 109A31DE29B3FE1700516167 /* MyComicReaderTests.xctest */;
			productType = "com.apple.product-type.bundle.unit-test";
		};
		109A31E729B3FE1700516167 /* MyComicReaderUITests */ = {
			isa = PBXNativeTarget;
			buildConfigurationList = 109A31F829B3FE1700516167 /* Build configuration list for PBXNativeTarget "MyComicReaderUITests" */;
			buildPhases = (
				109A31E429B3FE1700516167 /* Sources */,
				109A31E529B3FE1700516167 /* Frameworks */,
				109A31E629B3FE1700516167 /* Resources */,
			);
			buildRules = (
			);
			dependencies = (
				109A31EA29B3FE1700516167 /* PBXTargetDependency */,
			);
			name = MyComicReaderUITests;
			productName = MyComicReaderUITests;
			productReference = 109A31E829B3FE1700516167 /* MyComicReaderUITests.xctest */;
			productType = "com.apple.product-type.bundle.ui-testing";
		};
/* End PBXNativeTarget section */

/* Begin PBXProject section */
		109A31C029B3FE1600516167 /* Project object */ = {
			isa = PBXProject;
			attributes = {
				BuildIndependentTargetsInParallel = 1;
				LastSwiftUpdateCheck = 1420;
				LastUpgradeCheck = 1420;
				TargetAttributes = {
					109A31C729B3FE1600516167 = {
						CreatedOnToolsVersion = 14.2;
					};
					109A31DD29B3FE1700516167 = {
						CreatedOnToolsVersion = 14.2;
						TestTargetID = 109A31C729B3FE1600516167;
					};
					109A31E729B3FE1700516167 = {
						CreatedOnToolsVersion = 14.2;
						TestTargetID = 109A31C729B3FE1600516167;
					};
				};
			};
			buildConfigurationList = 109A31C329B3FE1600516167 /* Build configuration list for PBXProject "MyComicReader" */;
			compatibilityVersion = "Xcode 14.0";
			developmentRegion = en;
			hasScannedForEncodings = 0;
			knownRegions = (
				en,
				Base,
			);
			mainGroup = 109A31BF29B3FE1600516167;
			productRefGroup = 109A31C929B3FE1600516167 /* Products */;
			projectDirPath = "";
			projectRoot = "";
			targets = (
				109A31C729B3FE1600516167 /* MyComicReader */,
				109A31DD29B3FE1700516167 /* MyComicReaderTests */,
				109A31E729B3FE1700516167 /* MyComicReaderUITests */,
			);
		};
/* End PBXProject section */

/* Begin PBXResourcesBuildPhase section */
		109A31C629B3FE1600516167 /* Resources */ = {
			isa = PBXResourcesBuildPhase;
			buildActionMask = 2147483647;
			files = (
				109A31D829B3FE1700516167 /* LaunchScreen.storyboard in Resources */,
				109A31D529B3FE1700516167 /* Assets.xcassets in Resources */,
				109A31D329B3FE1600516167 /* Main.storyboard in Resources */,
				105F91B629B9AB5C00AEE777 /* SSZipArchive in Resources */,
				105F91B829B9AB6300AEE777 /* minizip in Resources */,
			);
			runOnlyForDeploymentPostprocessing = 0;
		};
		109A31DC29B3FE1700516167 /* Resources */ = {
			isa = PBXResourcesBuildPhase;
			buildActionMask = 2147483647;
			files = (
			);
			runOnlyForDeploymentPostprocessing = 0;
		};
		109A31E629B3FE1700516167 /* Resources */ = {
			isa = PBXResourcesBuildPhase;
			buildActionMask = 2147483647;
			files = (
			);
			runOnlyForDeploymentPostprocessing = 0;
		};
/* End PBXResourcesBuildPhase section */

/* Begin PBXSourcesBuildPhase section */
		109A31C429B3FE1600516167 /* Sources */ = {
			isa = PBXSourcesBuildPhase;
			buildActionMask = 2147483647;
			files = (
				105F91C329BAA24300AEE777 /* ImageView.swift in Sources */,
				105F91AD29B9408900AEE777 /* CollectionView.swift in Sources */,
				1090B2F329B6FF91006DCF4F /* File.swift in Sources */,
				105F91C729BBDB0A00AEE777 /* SettingView.swift in Sources */,
				1090B2F129B6FB9A006DCF4F /* FileView.swift in Sources */,
				105F91C929BBE10D00AEE777 /* PageView.swift in Sources */,
				105F91AF29B95F3500AEE777 /* DetilView.swift in Sources */,
				109A31D029B3FE1600516167 /* ViewController.swift in Sources */,
				109A31CC29B3FE1600516167 /* AppDelegate.swift in Sources */,
				109A31CE29B3FE1600516167 /* SceneDelegate.swift in Sources */,
			);
			runOnlyForDeploymentPostprocessing = 0;
		};
		109A31DA29B3FE1700516167 /* Sources */ = {
			isa = PBXSourcesBuildPhase;
			buildActionMask = 2147483647;
			files = (
				109A31E329B3FE1700516167 /* MyComicReaderTests.swift in Sources */,
			);
			runOnlyForDeploymentPostprocessing = 0;
		};
		109A31E429B3FE1700516167 /* Sources */ = {
			isa = PBXSourcesBuildPhase;
			buildActionMask = 2147483647;
			files = (
				109A31ED29B3FE1700516167 /* MyComicReaderUITests.swift in Sources */,
				109A31EF29B3FE1700516167 /* MyComicReaderUITestsLaunchTests.swift in Sources */,
			);
			runOnlyForDeploymentPostprocessing = 0;
		};
/* End PBXSourcesBuildPhase section */

/* Begin PBXTargetDependency section */
		109A31E029B3FE1700516167 /* PBXTargetDependency */ = {
			isa = PBXTargetDependency;
			target = 109A31C729B3FE1600516167 /* MyComicReader */;
			targetProxy = 109A31DF29B3FE1700516167 /* PBXContainerItemProxy */;
		};
		109A31EA29B3FE1700516167 /* PBXTargetDependency */ = {
			isa = PBXTargetDependency;
			target = 109A31C729B3FE1600516167 /* MyComicReader */;
			targetProxy = 109A31E929B3FE1700516167 /* PBXContainerItemProxy */;
		};
/* End PBXTargetDependency section */

/* Begin PBXVariantGroup section */
		109A31D129B3FE1600516167 /* Main.storyboard */ = {
			isa = PBXVariantGroup;
			children = (
				109A31D229B3FE1600516167 /* Base */,
			);
			name = Main.storyboard;
			sourceTree = "<group>";
		};
		109A31D629B3FE1700516167 /* LaunchScreen.storyboard */ = {
			isa = PBXVariantGroup;
			children = (
				109A31D729B3FE1700516167 /* Base */,
			);
			name = LaunchScreen.storyboard;
			sourceTree = "<group>";
		};
/* End PBXVariantGroup section */

/* Begin XCBuildConfiguration section */
		109A31F029B3FE1700516167 /* Debug */ = {
			isa = XCBuildConfiguration;
			buildSettings = {
				ALWAYS_SEARCH_USER_PATHS = NO;
				CLANG_ANALYZER_NONNULL = YES;
				CLANG_ANALYZER_NUMBER_OBJECT_CONVERSION = YES_AGGRESSIVE;
				CLANG_CXX_LANGUAGE_STANDARD = "gnu++20";
				CLANG_ENABLE_MODULES = YES;
				CLANG_ENABLE_OBJC_ARC = YES;
				CLANG_ENABLE_OBJC_WEAK = YES;
				CLANG_WARN_BLOCK_CAPTURE_AUTORELEASING = YES;
				CLANG_WARN_BOOL_CONVERSION = YES;
				CLANG_WARN_COMMA = YES;
				CLANG_WARN_CONSTANT_CONVERSION = YES;
				CLANG_WARN_DEPRECATED_OBJC_IMPLEMENTATIONS = YES;
				CLANG_WARN_DIRECT_OBJC_ISA_USAGE = YES_ERROR;
				CLANG_WARN_DOCUMENTATION_COMMENTS = YES;
				CLANG_WARN_EMPTY_BODY = YES;
				CLANG_WARN_ENUM_CONVERSION = YES;
				CLANG_WARN_INFINITE_RECURSION = YES;
				CLANG_WARN_INT_CONVERSION = YES;
				CLANG_WARN_NON_LITERAL_NULL_CONVERSION = YES;
				CLANG_WARN_OBJC_IMPLICIT_RETAIN_SELF = YES;
				CLANG_WARN_OBJC_LITERAL_CONVERSION = YES;
				CLANG_WARN_OBJC_ROOT_CLASS = YES_ERROR;
				CLANG_WARN_QUOTED_INCLUDE_IN_FRAMEWORK_HEADER = YES;
				CLANG_WARN_RANGE_LOOP_ANALYSIS = YES;
				CLANG_WARN_STRICT_PROTOTYPES = YES;
				CLANG_WARN_SUSPICIOUS_MOVE = YES;
				CLANG_WARN_UNGUARDED_AVAILABILITY = YES_AGGRESSIVE;
				CLANG_WARN_UNREACHABLE_CODE = YES;
				CLANG_WARN__DUPLICATE_METHOD_MATCH = YES;
				COPY_PHASE_STRIP = NO;
				DEBUG_INFORMATION_FORMAT = dwarf;
				ENABLE_STRICT_OBJC_MSGSEND = YES;
				ENABLE_TESTABILITY = YES;
				GCC_C_LANGUAGE_STANDARD = gnu11;
				GCC_DYNAMIC_NO_PIC = NO;
				GCC_NO_COMMON_BLOCKS = YES;
				GCC_OPTIMIZATION_LEVEL = 0;
				GCC_PREPROCESSOR_DEFINITIONS = (
					"DEBUG=1",
					"$(inherited)",
				);
				GCC_WARN_64_TO_32_BIT_CONVERSION = YES;
				GCC_WARN_ABOUT_RETURN_TYPE = YES_ERROR;
				GCC_WARN_UNDECLARED_SELECTOR = YES;
				GCC_WARN_UNINITIALIZED_AUTOS = YES_AGGRESSIVE;
				GCC_WARN_UNUSED_FUNCTION = YES;
				GCC_WARN_UNUSED_VARIABLE = YES;
				IPHONEOS_DEPLOYMENT_TARGET = 16.2;
				MTL_ENABLE_DEBUG_INFO = INCLUDE_SOURCE;
				MTL_FAST_MATH = YES;
				ONLY_ACTIVE_ARCH = YES;
				SDKROOT = iphoneos;
				SWIFT_ACTIVE_COMPILATION_CONDITIONS = DEBUG;
				SWIFT_OPTIMIZATION_LEVEL = "-Onone";
			};
			name = Debug;
		};
		109A31F129B3FE1700516167 /* Release */ = {
			isa = XCBuildConfiguration;
			buildSettings = {
				ALWAYS_SEARCH_USER_PATHS = NO;
				CLANG_ANALYZER_NONNULL = YES;
				CLANG_ANALYZER_NUMBER_OBJECT_CONVERSION = YES_AGGRESSIVE;
				CLANG_CXX_LANGUAGE_STANDARD = "gnu++20";
				CLANG_ENABLE_MODULES = YES;
				CLANG_ENABLE_OBJC_ARC = YES;
				CLANG_ENABLE_OBJC_WEAK = YES;
				CLANG_WARN_BLOCK_CAPTURE_AUTORELEASING = YES;
				CLANG_WARN_BOOL_CONVERSION = YES;
				CLANG_WARN_COMMA = YES;
				CLANG_WARN_CONSTANT_CONVERSION = YES;
				CLANG_WARN_DEPRECATED_OBJC_IMPLEMENTATIONS = YES;
				CLANG_WARN_DIRECT_OBJC_ISA_USAGE = YES_ERROR;
				CLANG_WARN_DOCUMENTATION_COMMENTS = YES;
				CLANG_WARN_EMPTY_BODY = YES;
				CLANG_WARN_ENUM_CONVERSION = YES;
				CLANG_WARN_INFINITE_RECURSION = YES;
				CLANG_WARN_INT_CONVERSION = YES;
				CLANG_WARN_NON_LITERAL_NULL_CONVERSION = YES;
				CLANG_WARN_OBJC_IMPLICIT_RETAIN_SELF = YES;
				CLANG_WARN_OBJC_LITERAL_CONVERSION = YES;
				CLANG_WARN_OBJC_ROOT_CLASS = YES_ERROR;
				CLANG_WARN_QUOTED_INCLUDE_IN_FRAMEWORK_HEADER = YES;
				CLANG_WARN_RANGE_LOOP_ANALYSIS = YES;
				CLANG_WARN_STRICT_PROTOTYPES = YES;
				CLANG_WARN_SUSPICIOUS_MOVE = YES;
				CLANG_WARN_UNGUARDED_AVAILABILITY = YES_AGGRESSIVE;
				CLANG_WARN_UNREACHABLE_CODE = YES;
				CLANG_WARN__DUPLICATE_METHOD_MATCH = YES;
				COPY_PHASE_STRIP = NO;
				DEBUG_INFORMATION_FORMAT = "dwarf-with-dsym";
				ENABLE_NS_ASSERTIONS = NO;
				ENABLE_STRICT_OBJC_MSGSEND = YES;
				GCC_C_LANGUAGE_STANDARD = gnu11;
				GCC_NO_COMMON_BLOCKS = YES;
				GCC_WARN_64_TO_32_BIT_CONVERSION = YES;
				GCC_WARN_ABOUT_RETURN_TYPE = YES_ERROR;
				GCC_WARN_UNDECLARED_SELECTOR = YES;
				GCC_WARN_UNINITIALIZED_AUTOS = YES_AGGRESSIVE;
				GCC_WARN_UNUSED_FUNCTION = YES;
				GCC_WARN_UNUSED_VARIABLE = YES;
				IPHONEOS_DEPLOYMENT_TARGET = 16.2;
				MTL_ENABLE_DEBUG_INFO = NO;
				MTL_FAST_MATH = YES;
				SDKROOT = iphoneos;
				SWIFT_COMPILATION_MODE = wholemodule;
				SWIFT_OPTIMIZATION_LEVEL = "-O";
				VALIDATE_PRODUCT = YES;
			};
			name = Release;
		};
		109A31F329B3FE1700516167 /* Debug */ = {
			isa = XCBuildConfiguration;
			buildSettings = {
				ASSETCATALOG_COMPILER_APPICON_NAME = AppIcon;
				ASSETCATALOG_COMPILER_GLOBAL_ACCENT_COLOR_NAME = AccentColor;
				CODE_SIGN_STYLE = Automatic;
				CURRENT_PROJECT_VERSION = 1;
				DEVELOPMENT_TEAM = HC32GS5457;
				GENERATE_INFOPLIST_FILE = YES;
				INFOPLIST_FILE = MyComicReader/Info.plist;
				INFOPLIST_KEY_UIApplicationSupportsIndirectInputEvents = YES;
				INFOPLIST_KEY_UILaunchStoryboardName = LaunchScreen;
				INFOPLIST_KEY_UIMainStoryboardFile = Main;
				INFOPLIST_KEY_UISupportedInterfaceOrientations_iPad = "UIInterfaceOrientationPortrait UIInterfaceOrientationPortraitUpsideDown UIInterfaceOrientationLandscapeLeft UIInterfaceOrientationLandscapeRight";
				INFOPLIST_KEY_UISupportedInterfaceOrientations_iPhone = "UIInterfaceOrientationPortrait UIInterfaceOrientationLandscapeLeft UIInterfaceOrientationLandscapeRight";
				LD_RUNPATH_SEARCH_PATHS = (
					"$(inherited)",
					"@executable_path/Frameworks",
				);
				MARKETING_VERSION = 1.0;
				PRODUCT_BUNDLE_IDENTIFIER = com.ziruihuang.MyComicReader;
				PRODUCT_NAME = "$(TARGET_NAME)";
				SWIFT_EMIT_LOC_STRINGS = YES;
				SWIFT_VERSION = 5.0;
				TARGETED_DEVICE_FAMILY = "1,2";
			};
			name = Debug;
		};
		109A31F429B3FE1700516167 /* Release */ = {
			isa = XCBuildConfiguration;
			buildSettings = {
				ASSETCATALOG_COMPILER_APPICON_NAME = AppIcon;
				ASSETCATALOG_COMPILER_GLOBAL_ACCENT_COLOR_NAME = AccentColor;
				CODE_SIGN_STYLE = Automatic;
				CURRENT_PROJECT_VERSION = 1;
				DEVELOPMENT_TEAM = HC32GS5457;
				"GCC_PREPROCESSOR_DEFINITIONS[arch=*]" = (
					HAVE_INTTYPES_H,
					HAVE_PKCRYPT,
					HAVE_STDINT_H,
					HAVE_WZAES,
					HAVE_ZLIB,
					ZLIB_COMPAT,
					"$(inherited)",
				);
				GENERATE_INFOPLIST_FILE = YES;
				INFOPLIST_FILE = MyComicReader/Info.plist;
				INFOPLIST_KEY_UIApplicationSupportsIndirectInputEvents = YES;
				INFOPLIST_KEY_UILaunchStoryboardName = LaunchScreen;
				INFOPLIST_KEY_UIMainStoryboardFile = Main;
				INFOPLIST_KEY_UISupportedInterfaceOrientations_iPad = "UIInterfaceOrientationPortrait UIInterfaceOrientationPortraitUpsideDown UIInterfaceOrientationLandscapeLeft UIInterfaceOrientationLandscapeRight";
				INFOPLIST_KEY_UISupportedInterfaceOrientations_iPhone = "UIInterfaceOrientationPortrait UIInterfaceOrientationLandscapeLeft UIInterfaceOrientationLandscapeRight";
				LD_RUNPATH_SEARCH_PATHS = (
					"$(inherited)",
					"@executable_path/Frameworks",
				);
				MARKETING_VERSION = 1.0;
				PRODUCT_BUNDLE_IDENTIFIER = com.ziruihuang.MyComicReader;
				PRODUCT_NAME = "$(TARGET_NAME)";
				SWIFT_EMIT_LOC_STRINGS = YES;
				SWIFT_VERSION = 5.0;
				TARGETED_DEVICE_FAMILY = "1,2";
			};
			name = Release;
		};
		109A31F629B3FE1700516167 /* Debug */ = {
			isa = XCBuildConfiguration;
			buildSettings = {
				ALWAYS_EMBED_SWIFT_STANDARD_LIBRARIES = YES;
				BUNDLE_LOADER = "$(TEST_HOST)";
				CODE_SIGN_STYLE = Automatic;
				CURRENT_PROJECT_VERSION = 1;
				GENERATE_INFOPLIST_FILE = YES;
				IPHONEOS_DEPLOYMENT_TARGET = 16.2;
				MARKETING_VERSION = 1.0;
				PRODUCT_BUNDLE_IDENTIFIER = com.ziruihuang.MyComicReaderTests;
				PRODUCT_NAME = "$(TARGET_NAME)";
				SWIFT_EMIT_LOC_STRINGS = NO;
				SWIFT_VERSION = 5.0;
				TARGETED_DEVICE_FAMILY = "1,2";
				TEST_HOST = "$(BUILT_PRODUCTS_DIR)/MyComicReader.app/$(BUNDLE_EXECUTABLE_FOLDER_PATH)/MyComicReader";
			};
			name = Debug;
		};
		109A31F729B3FE1700516167 /* Release */ = {
			isa = XCBuildConfiguration;
			buildSettings = {
				ALWAYS_EMBED_SWIFT_STANDARD_LIBRARIES = YES;
				BUNDLE_LOADER = "$(TEST_HOST)";
				CODE_SIGN_STYLE = Automatic;
				CURRENT_PROJECT_VERSION = 1;
				GENERATE_INFOPLIST_FILE = YES;
				IPHONEOS_DEPLOYMENT_TARGET = 16.2;
				MARKETING_VERSION = 1.0;
				PRODUCT_BUNDLE_IDENTIFIER = com.ziruihuang.MyComicReaderTests;
				PRODUCT_NAME = "$(TARGET_NAME)";
				SWIFT_EMIT_LOC_STRINGS = NO;
				SWIFT_VERSION = 5.0;
				TARGETED_DEVICE_FAMILY = "1,2";
				TEST_HOST = "$(BUILT_PRODUCTS_DIR)/MyComicReader.app/$(BUNDLE_EXECUTABLE_FOLDER_PATH)/MyComicReader";
			};
			name = Release;
		};
		109A31F929B3FE1700516167 /* Debug */ = {
			isa = XCBuildConfiguration;
			buildSettings = {
				ALWAYS_EMBED_SWIFT_STANDARD_LIBRARIES = YES;
				CODE_SIGN_STYLE = Automatic;
				CURRENT_PROJECT_VERSION = 1;
				GENERATE_INFOPLIST_FILE = YES;
				MARKETING_VERSION = 1.0;
				PRODUCT_BUNDLE_IDENTIFIER = com.ziruihuang.MyComicReaderUITests;
				PRODUCT_NAME = "$(TARGET_NAME)";
				SWIFT_EMIT_LOC_STRINGS = NO;
				SWIFT_VERSION = 5.0;
				TARGETED_DEVICE_FAMILY = "1,2";
				TEST_TARGET_NAME = MyComicReader;
			};
			name = Debug;
		};
		109A31FA29B3FE1700516167 /* Release */ = {
			isa = XCBuildConfiguration;
			buildSettings = {
				ALWAYS_EMBED_SWIFT_STANDARD_LIBRARIES = YES;
				CODE_SIGN_STYLE = Automatic;
				CURRENT_PROJECT_VERSION = 1;
				GENERATE_INFOPLIST_FILE = YES;
				MARKETING_VERSION = 1.0;
				PRODUCT_BUNDLE_IDENTIFIER = com.ziruihuang.MyComicReaderUITests;
				PRODUCT_NAME = "$(TARGET_NAME)";
				SWIFT_EMIT_LOC_STRINGS = NO;
				SWIFT_VERSION = 5.0;
				TARGETED_DEVICE_FAMILY = "1,2";
				TEST_TARGET_NAME = MyComicReader;
			};
			name = Release;
		};
/* End XCBuildConfiguration section */

/* Begin XCConfigurationList section */
		109A31C329B3FE1600516167 /* Build configuration list for PBXProject "MyComicReader" */ = {
			isa = XCConfigurationList;
			buildConfigurations = (
				109A31F029B3FE1700516167 /* Debug */,
				109A31F129B3FE1700516167 /* Release */,
			);
			defaultConfigurationIsVisible = 0;
			defaultConfigurationName = Release;
		};
		109A31F229B3FE1700516167 /* Build configuration list for PBXNativeTarget "MyComicReader" */ = {
			isa = XCConfigurationList;
			buildConfigurations = (
				109A31F329B3FE1700516167 /* Debug */,
				109A31F429B3FE1700516167 /* Release */,
			);
			defaultConfigurationIsVisible = 0;
			defaultConfigurationName = Release;
		};
		109A31F529B3FE1700516167 /* Build configuration list for PBXNativeTarget "MyComicReaderTests" */ = {
			isa = XCConfigurationList;
			buildConfigurations = (
				109A31F629B3FE1700516167 /* Debug */,
				109A31F729B3FE1700516167 /* Release */,
			);
			defaultConfigurationIsVisible = 0;
			defaultConfigurationName = Release;
		};
		109A31F829B3FE1700516167 /* Build configuration list for PBXNativeTarget "MyComicReaderUITests" */ = {
			isa = XCConfigurationList;
			buildConfigurations = (
				109A31F929B3FE1700516167 /* Debug */,
				109A31FA29B3FE1700516167 /* Release */,
			);
			defaultConfigurationIsVisible = 0;
			defaultConfigurationName = Release;
		};
/* End XCConfigurationList section */

/* Begin XCSwiftPackageProductDependency section */
		105F91BA29B9AFD700AEE777 /* ZipArchive */ = {
			isa = XCSwiftPackageProductDependency;
			productName = ZipArchive;
		};
/* End XCSwiftPackageProductDependency section */
	};
	rootObject = 109A31C029B3FE1600516167 /* Project object */;
}
